
Microsoft Visual Studio Solution File, Format Version 12.00
# Visual Studio Version 16
VisualStudioVersion = 16.0.29215.179
MinimumVisualStudioVersion = 10.0.40219.1
Project("{FAE04EC0-301F-11D3-BF4B-00C04F79EFBC}") = "DateAndTime", "DateAndTime.csproj", "{23595C8F-3235-445B-B33B-85AC2EE91232}"
EndProject
Global
	GlobalSection(SolutionConfigurationPlatforms) = preSolution
		Debug|Any CPU = Debug|Any CPU
		Release|Any CPU = Release|Any CPU
	EndGlobalSection
	GlobalSection(ProjectConfigurationPlatforms) = postSolution
		{23595C8F-3235-445B-B33B-85AC2EE91232}.Debug|Any CPU.ActiveCfg = Debug|Any CPU
		{23595C8F-3235-445B-B33B-85AC2EE91232}.Debug|Any CPU.Build.0 = Debug|Any CPU
		{23595C8F-3235-445B-B33B-85AC2EE91232}.Release|Any CPU.ActiveCfg = Release|Any CPU
		{23595C8F-3235-445B-B33B-85AC2EE91232}.Release|Any CPU.Build.0 = Release|Any CPU
	EndGlobalSection
	GlobalSection(SolutionProperties) = preSolution
		HideSolutionNode = FALSE
	EndGlobalSection
	GlobalSection(ExtensibilityGlobals) = postSolution
		SolutionGuid = {CF7D19D3-D896-4E9D-B7A5-91B7BE4D64F8}
	EndGlobalSection
EndGlobal
